
Microsoft Visual Studio Solution File, Format Version 12.00
Project("{FAE04EC0-301F-11D3-BF4B-00C04F79EFBC}") = "KPO_DZ_1", "KPO_DZ_1\KPO_DZ_1.csproj", "{B183D24D-0045-45F8-9C58-CD5837D7764E}"
EndProject
Project("{FAE04EC0-301F-11D3-BF4B-00C04F79EFBC}") = "KPO_DZ_1_Library", "KPO_DZ_1_Library\KPO_DZ_1_Library.csproj", "{CDB97CE1-101D-4E93-B8FC-EEE541D4E8E4}"
EndProject
Global
	GlobalSection(SolutionConfigurationPlatforms) = preSolution
		Debug|Any CPU = Debug|Any CPU
		Release|Any CPU = Release|Any CPU
	EndGlobalSection
	GlobalSection(ProjectConfigurationPlatforms) = postSolution
		{B183D24D-0045-45F8-9C58-CD5837D7764E}.Debug|Any CPU.ActiveCfg = Debug|Any CPU
		{B183D24D-0045-45F8-9C58-CD5837D7764E}.Debug|Any CPU.Build.0 = Debug|Any CPU
		{B183D24D-0045-45F8-9C58-CD5837D7764E}.Release|Any CPU.ActiveCfg = Release|Any CPU
		{B183D24D-0045-45F8-9C58-CD5837D7764E}.Release|Any CPU.Build.0 = Release|Any CPU
		{CDB97CE1-101D-4E93-B8FC-EEE541D4E8E4}.Debug|Any CPU.ActiveCfg = Debug|Any CPU
		{CDB97CE1-101D-4E93-B8FC-EEE541D4E8E4}.Debug|Any CPU.Build.0 = Debug|Any CPU
		{CDB97CE1-101D-4E93-B8FC-EEE541D4E8E4}.Release|Any CPU.ActiveCfg = Release|Any CPU
		{CDB97CE1-101D-4E93-B8FC-EEE541D4E8E4}.Release|Any CPU.Build.0 = Release|Any CPU
	EndGlobalSection
EndGlobal
